
Microsoft Visual Studio Solution File, Format Version 12.00
# Visual Studio Version 17
VisualStudioVersion = 17.6.33815.320
MinimumVisualStudioVersion = 10.0.40219.1
Project("{FAE04EC0-301F-11D3-BF4B-00C04F79EFBC}") = "FilesToJsArray", "FilesToJsArray\FilesToJsArray.csproj", "{C061D5CE-F50E-4E20-A261-0C4B38EE89FB}"
EndProject
Global
	GlobalSection(SolutionConfigurationPlatforms) = preSolution
		Debug|Any CPU = Debug|Any CPU
		Release|Any CPU = Release|Any CPU
	EndGlobalSection
	GlobalSection(ProjectConfigurationPlatforms) = postSolution
		{C061D5CE-F50E-4E20-A261-0C4B38EE89FB}.Debug|Any CPU.ActiveCfg = Debug|Any CPU
		{C061D5CE-F50E-4E20-A261-0C4B38EE89FB}.Debug|Any CPU.Build.0 = Debug|Any CPU
		{C061D5CE-F50E-4E20-A261-0C4B38EE89FB}.Release|Any CPU.ActiveCfg = Release|Any CPU
		{C061D5CE-F50E-4E20-A261-0C4B38EE89FB}.Release|Any CPU.Build.0 = Release|Any CPU
	EndGlobalSection
	GlobalSection(SolutionProperties) = preSolution
		HideSolutionNode = FALSE
	EndGlobalSection
	GlobalSection(ExtensibilityGlobals) = postSolution
		SolutionGuid = {586391B3-1AFD-49AE-B6E4-1692C71B7125}
	EndGlobalSection
EndGlobal
