
Microsoft Visual Studio Solution File, Format Version 12.00
# Visual Studio Version 17
VisualStudioVersion = 17.2.32630.192
MinimumVisualStudioVersion = 10.0.40219.1
Project("{FAE04EC0-301F-11D3-BF4B-00C04F79EFBC}") = "TuringMachine", "TuringMachine\TuringMachine.csproj", "{9CF3649A-CD62-44E4-B8C7-CF00277535AD}"
EndProject
Global
	GlobalSection(SolutionConfigurationPlatforms) = preSolution
		Debug|Any CPU = Debug|Any CPU
		Release|Any CPU = Release|Any CPU
	EndGlobalSection
	GlobalSection(ProjectConfigurationPlatforms) = postSolution
		{9CF3649A-CD62-44E4-B8C7-CF00277535AD}.Debug|Any CPU.ActiveCfg = Debug|Any CPU
		{9CF3649A-CD62-44E4-B8C7-CF00277535AD}.Debug|Any CPU.Build.0 = Debug|Any CPU
		{9CF3649A-CD62-44E4-B8C7-CF00277535AD}.Release|Any CPU.ActiveCfg = Release|Any CPU
		{9CF3649A-CD62-44E4-B8C7-CF00277535AD}.Release|Any CPU.Build.0 = Release|Any CPU
	EndGlobalSection
	GlobalSection(SolutionProperties) = preSolution
		HideSolutionNode = FALSE
	EndGlobalSection
	GlobalSection(ExtensibilityGlobals) = postSolution
		SolutionGuid = {752F2A2B-53E4-453B-99F7-2CC2EED80710}
	EndGlobalSection
EndGlobal
